{
    "_meta": {
        "hash": {
            "sha256": "1aaaaedefbd69b08f49a4328452483477632f557855366d2838c451b68168fc3"
        },
        "pipfile-spec": 6,
        "requires": {
            "python_version": "3.6"
        },
        "sources": [
            {
                "name": "pypi",
                "url": "https://pypi.org/simple",
                "verify_ssl": true
            }
        ]
    },
    "default": {
        "django": {
            "hashes": [
                "sha256:46b868d68e5fd69dd9e05a0a7900df91786097e30b2aa6f065dd7fa3b22f7005",
                "sha256:9c60f4a801bf7c26bd6824c1062550c12c373344116703461c18cc258f8c9320"
            ],
            "index": "pypi",
            "version": "==1.10"
        }
    },
    "develop": {}
}
